
Microsoft Visual Studio Solution File, Format Version 12.00
# Visual Studio Version 16
VisualStudioVersion = 16.0.30011.22
MinimumVisualStudioVersion = 10.0.40219.1
Project("{FAE04EC0-301F-11D3-BF4B-00C04F79EFBC}") = "Data", "Data\Data.csproj", "{F1FAF132-833F-4432-8D75-DC801C3DAEBF}"
EndProject
Project("{FAE04EC0-301F-11D3-BF4B-00C04F79EFBC}") = "MockData", "MockData\MockData.csproj", "{D34327BA-36C1-47F7-8039-BD75A0B8E2DE}"
EndProject
Project("{FAE04EC0-301F-11D3-BF4B-00C04F79EFBC}") = "HotChocolateServer", "HotChocolateServer\HotChocolateServer.csproj", "{A08B222D-A52A-46AF-A942-FD58DD4664CD}"
EndProject
Global
	GlobalSection(SolutionConfigurationPlatforms) = preSolution
		Debug|Any CPU = Debug|Any CPU
		Release|Any CPU = Release|Any CPU
	EndGlobalSection
	GlobalSection(ProjectConfigurationPlatforms) = postSolution
		{F1FAF132-833F-4432-8D75-DC801C3DAEBF}.Debug|Any CPU.ActiveCfg = Debug|Any CPU
		{F1FAF132-833F-4432-8D75-DC801C3DAEBF}.Debug|Any CPU.Build.0 = Debug|Any CPU
		{F1FAF132-833F-4432-8D75-DC801C3DAEBF}.Release|Any CPU.ActiveCfg = Release|Any CPU
		{F1FAF132-833F-4432-8D75-DC801C3DAEBF}.Release|Any CPU.Build.0 = Release|Any CPU
		{D34327BA-36C1-47F7-8039-BD75A0B8E2DE}.Debug|Any CPU.ActiveCfg = Debug|Any CPU
		{D34327BA-36C1-47F7-8039-BD75A0B8E2DE}.Debug|Any CPU.Build.0 = Debug|Any CPU
		{D34327BA-36C1-47F7-8039-BD75A0B8E2DE}.Release|Any CPU.ActiveCfg = Release|Any CPU
		{D34327BA-36C1-47F7-8039-BD75A0B8E2DE}.Release|Any CPU.Build.0 = Release|Any CPU
		{A08B222D-A52A-46AF-A942-FD58DD4664CD}.Debug|Any CPU.ActiveCfg = Debug|Any CPU
		{A08B222D-A52A-46AF-A942-FD58DD4664CD}.Debug|Any CPU.Build.0 = Debug|Any CPU
		{A08B222D-A52A-46AF-A942-FD58DD4664CD}.Release|Any CPU.ActiveCfg = Release|Any CPU
		{A08B222D-A52A-46AF-A942-FD58DD4664CD}.Release|Any CPU.Build.0 = Release|Any CPU
	EndGlobalSection
	GlobalSection(SolutionProperties) = preSolution
		HideSolutionNode = FALSE
	EndGlobalSection
	GlobalSection(ExtensibilityGlobals) = postSolution
		SolutionGuid = {48609FEA-8BFA-49DC-BB0E-8E85B546C5C9}
	EndGlobalSection
EndGlobal
